
Microsoft Visual Studio Solution File, Format Version 12.00
# Visual Studio 15
VisualStudioVersion = 15.0.27428.2027
MinimumVisualStudioVersion = 10.0.40219.1
Project("{FAE04EC0-301F-11D3-BF4B-00C04F79EFBC}") = "ConsoleApp", "ConsoleApp\ConsoleApp.csproj", "{4C10A93B-EB51-4313-9BBB-9DA28BAC6D14}"
EndProject
Global
	GlobalSection(SolutionConfigurationPlatforms) = preSolution
		Debug|Any CPU = Debug|Any CPU
		Release|Any CPU = Release|Any CPU
	EndGlobalSection
	GlobalSection(ProjectConfigurationPlatforms) = postSolution
		{4C10A93B-EB51-4313-9BBB-9DA28BAC6D14}.Debug|Any CPU.ActiveCfg = Debug|Any CPU
		{4C10A93B-EB51-4313-9BBB-9DA28BAC6D14}.Debug|Any CPU.Build.0 = Debug|Any CPU
		{4C10A93B-EB51-4313-9BBB-9DA28BAC6D14}.Release|Any CPU.ActiveCfg = Release|Any CPU
		{4C10A93B-EB51-4313-9BBB-9DA28BAC6D14}.Release|Any CPU.Build.0 = Release|Any CPU
	EndGlobalSection
	GlobalSection(SolutionProperties) = preSolution
		HideSolutionNode = FALSE
	EndGlobalSection
	GlobalSection(ExtensibilityGlobals) = postSolution
		SolutionGuid = {3CEE10E3-62BE-45DB-89F1-3F6BBBEACE5C}
	EndGlobalSection
EndGlobal
